
Microsoft Visual Studio Solution File, Format Version 12.00
# Visual Studio Version 17
VisualStudioVersion = 17.3.32901.215
MinimumVisualStudioVersion = 10.0.40219.1
Project("{FAE04EC0-301F-11D3-BF4B-00C04F79EFBC}") = "SortingAlgo", "SortingAlgo\SortingAlgo.csproj", "{21B81D09-9637-49AC-8054-BA28EC881820}"
EndProject
Global
	GlobalSection(SolutionConfigurationPlatforms) = preSolution
		Debug|Any CPU = Debug|Any CPU
		Release|Any CPU = Release|Any CPU
	EndGlobalSection
	GlobalSection(ProjectConfigurationPlatforms) = postSolution
		{21B81D09-9637-49AC-8054-BA28EC881820}.Debug|Any CPU.ActiveCfg = Debug|Any CPU
		{21B81D09-9637-49AC-8054-BA28EC881820}.Debug|Any CPU.Build.0 = Debug|Any CPU
		{21B81D09-9637-49AC-8054-BA28EC881820}.Release|Any CPU.ActiveCfg = Release|Any CPU
		{21B81D09-9637-49AC-8054-BA28EC881820}.Release|Any CPU.Build.0 = Release|Any CPU
	EndGlobalSection
	GlobalSection(SolutionProperties) = preSolution
		HideSolutionNode = FALSE
	EndGlobalSection
	GlobalSection(ExtensibilityGlobals) = postSolution
		SolutionGuid = {3357B89D-35D6-4B6C-BC22-73D09F6AEAF4}
	EndGlobalSection
EndGlobal
